
Microsoft Visual Studio Solution File, Format Version 12.00
# Visual Studio Version 16
VisualStudioVersion = 16.0.30611.23
MinimumVisualStudioVersion = 10.0.40219.1
Project("{FAE04EC0-301F-11D3-BF4B-00C04F79EFBC}") = "Coordinate Geometry", "Coordinate Geometry\Coordinate Geometry.csproj", "{3E13C039-54E2-4B64-9F2A-ACBFFFD0FC44}"
EndProject
Project("{FAE04EC0-301F-11D3-BF4B-00C04F79EFBC}") = "Structures", "Structures\Structures.csproj", "{1ADA46F5-5655-4619-A89A-CC5AB20717BE}"
EndProject
Project("{FAE04EC0-301F-11D3-BF4B-00C04F79EFBC}") = "Coordinate-Geometry-Updated", "Coordinate-Geometry-Updated\Coordinate-Geometry-Updated.csproj", "{043A238D-4F06-4B02-A201-B1CFB95AD89A}"
EndProject
Global
	GlobalSection(SolutionConfigurationPlatforms) = preSolution
		Debug|Any CPU = Debug|Any CPU
		Debug|ARM = Debug|ARM
		Debug|ARM64 = Debug|ARM64
		Debug|x64 = Debug|x64
		Debug|x86 = Debug|x86
		Release|Any CPU = Release|Any CPU
		Release|ARM = Release|ARM
		Release|ARM64 = Release|ARM64
		Release|x64 = Release|x64
		Release|x86 = Release|x86
	EndGlobalSection
	GlobalSection(ProjectConfigurationPlatforms) = postSolution
		{3E13C039-54E2-4B64-9F2A-ACBFFFD0FC44}.Debug|Any CPU.ActiveCfg = Debug|x86
		{3E13C039-54E2-4B64-9F2A-ACBFFFD0FC44}.Debug|ARM.ActiveCfg = Debug|ARM
		{3E13C039-54E2-4B64-9F2A-ACBFFFD0FC44}.Debug|ARM.Build.0 = Debug|ARM
		{3E13C039-54E2-4B64-9F2A-ACBFFFD0FC44}.Debug|ARM.Deploy.0 = Debug|ARM
		{3E13C039-54E2-4B64-9F2A-ACBFFFD0FC44}.Debug|ARM64.ActiveCfg = Debug|ARM64
		{3E13C039-54E2-4B64-9F2A-ACBFFFD0FC44}.Debug|ARM64.Build.0 = Debug|ARM64
		{3E13C039-54E2-4B64-9F2A-ACBFFFD0FC44}.Debug|ARM64.Deploy.0 = Debug|ARM64
		{3E13C039-54E2-4B64-9F2A-ACBFFFD0FC44}.Debug|x64.ActiveCfg = Debug|x64
		{3E13C039-54E2-4B64-9F2A-ACBFFFD0FC44}.Debug|x64.Build.0 = Debug|x64
		{3E13C039-54E2-4B64-9F2A-ACBFFFD0FC44}.Debug|x64.Deploy.0 = Debug|x64
		{3E13C039-54E2-4B64-9F2A-ACBFFFD0FC44}.Debug|x86.ActiveCfg = Debug|x86
		{3E13C039-54E2-4B64-9F2A-ACBFFFD0FC44}.Debug|x86.Build.0 = Debug|x86
		{3E13C039-54E2-4B64-9F2A-ACBFFFD0FC44}.Debug|x86.Deploy.0 = Debug|x86
		{3E13C039-54E2-4B64-9F2A-ACBFFFD0FC44}.Release|Any CPU.ActiveCfg = Release|x86
		{3E13C039-54E2-4B64-9F2A-ACBFFFD0FC44}.Release|ARM.ActiveCfg = Release|ARM
		{3E13C039-54E2-4B64-9F2A-ACBFFFD0FC44}.Release|ARM.Build.0 = Release|ARM
		{3E13C039-54E2-4B64-9F2A-ACBFFFD0FC44}.Release|ARM.Deploy.0 = Release|ARM
		{3E13C039-54E2-4B64-9F2A-ACBFFFD0FC44}.Release|ARM64.ActiveCfg = Release|ARM64
		{3E13C039-54E2-4B64-9F2A-ACBFFFD0FC44}.Release|ARM64.Build.0 = Release|ARM64
		{3E13C039-54E2-4B64-9F2A-ACBFFFD0FC44}.Release|ARM64.Deploy.0 = Release|ARM64
		{3E13C039-54E2-4B64-9F2A-ACBFFFD0FC44}.Release|x64.ActiveCfg = Release|x64
		{3E13C039-54E2-4B64-9F2A-ACBFFFD0FC44}.Release|x64.Build.0 = Release|x64
		{3E13C039-54E2-4B64-9F2A-ACBFFFD0FC44}.Release|x64.Deploy.0 = Release|x64
		{3E13C039-54E2-4B64-9F2A-ACBFFFD0FC44}.Release|x86.ActiveCfg = Release|x86
		{3E13C039-54E2-4B64-9F2A-ACBFFFD0FC44}.Release|x86.Build.0 = Release|x86
		{3E13C039-54E2-4B64-9F2A-ACBFFFD0FC44}.Release|x86.Deploy.0 = Release|x86
		{1ADA46F5-5655-4619-A89A-CC5AB20717BE}.Debug|Any CPU.ActiveCfg = Debug|Any CPU
		{1ADA46F5-5655-4619-A89A-CC5AB20717BE}.Debug|Any CPU.Build.0 = Debug|Any CPU
		{1ADA46F5-5655-4619-A89A-CC5AB20717BE}.Debug|ARM.ActiveCfg = Debug|ARM
		{1ADA46F5-5655-4619-A89A-CC5AB20717BE}.Debug|ARM.Build.0 = Debug|ARM
		{1ADA46F5-5655-4619-A89A-CC5AB20717BE}.Debug|ARM64.ActiveCfg = Debug|ARM64
		{1ADA46F5-5655-4619-A89A-CC5AB20717BE}.Debug|ARM64.Build.0 = Debug|ARM64
		{1ADA46F5-5655-4619-A89A-CC5AB20717BE}.Debug|x64.ActiveCfg = Debug|x64
		{1ADA46F5-5655-4619-A89A-CC5AB20717BE}.Debug|x64.Build.0 = Debug|x64
		{1ADA46F5-5655-4619-A89A-CC5AB20717BE}.Debug|x86.ActiveCfg = Debug|x86
		{1ADA46F5-5655-4619-A89A-CC5AB20717BE}.Debug|x86.Build.0 = Debug|x86
		{1ADA46F5-5655-4619-A89A-CC5AB20717BE}.Release|Any CPU.ActiveCfg = Release|Any CPU
		{1ADA46F5-5655-4619-A89A-CC5AB20717BE}.Release|Any CPU.Build.0 = Release|Any CPU
		{1ADA46F5-5655-4619-A89A-CC5AB20717BE}.Release|ARM.ActiveCfg = Release|ARM
		{1ADA46F5-5655-4619-A89A-CC5AB20717BE}.Release|ARM.Build.0 = Release|ARM
		{1ADA46F5-5655-4619-A89A-CC5AB20717BE}.Release|ARM64.ActiveCfg = Release|ARM64
		{1ADA46F5-5655-4619-A89A-CC5AB20717BE}.Release|ARM64.Build.0 = Release|ARM64
		{1ADA46F5-5655-4619-A89A-CC5AB20717BE}.Release|x64.ActiveCfg = Release|x64
		{1ADA46F5-5655-4619-A89A-CC5AB20717BE}.Release|x64.Build.0 = Release|x64
		{1ADA46F5-5655-4619-A89A-CC5AB20717BE}.Release|x86.ActiveCfg = Release|x86
		{1ADA46F5-5655-4619-A89A-CC5AB20717BE}.Release|x86.Build.0 = Release|x86
		{043A238D-4F06-4B02-A201-B1CFB95AD89A}.Debug|Any CPU.ActiveCfg = Debug|x86
		{043A238D-4F06-4B02-A201-B1CFB95AD89A}.Debug|Any CPU.Build.0 = Debug|x86
		{043A238D-4F06-4B02-A201-B1CFB95AD89A}.Debug|Any CPU.Deploy.0 = Debug|x86
		{043A238D-4F06-4B02-A201-B1CFB95AD89A}.Debug|ARM.ActiveCfg = Debug|ARM
		{043A238D-4F06-4B02-A201-B1CFB95AD89A}.Debug|ARM.Build.0 = Debug|ARM
		{043A238D-4F06-4B02-A201-B1CFB95AD89A}.Debug|ARM.Deploy.0 = Debug|ARM
		{043A238D-4F06-4B02-A201-B1CFB95AD89A}.Debug|ARM64.ActiveCfg = Debug|ARM64
		{043A238D-4F06-4B02-A201-B1CFB95AD89A}.Debug|ARM64.Build.0 = Debug|ARM64
		{043A238D-4F06-4B02-A201-B1CFB95AD89A}.Debug|ARM64.Deploy.0 = Debug|ARM64
		{043A238D-4F06-4B02-A201-B1CFB95AD89A}.Debug|x64.ActiveCfg = Debug|x64
		{043A238D-4F06-4B02-A201-B1CFB95AD89A}.Debug|x64.Build.0 = Debug|x64
		{043A238D-4F06-4B02-A201-B1CFB95AD89A}.Debug|x64.Deploy.0 = Debug|x64
		{043A238D-4F06-4B02-A201-B1CFB95AD89A}.Debug|x86.ActiveCfg = Debug|x86
		{043A238D-4F06-4B02-A201-B1CFB95AD89A}.Debug|x86.Build.0 = Debug|x86
		{043A238D-4F06-4B02-A201-B1CFB95AD89A}.Debug|x86.Deploy.0 = Debug|x86
		{043A238D-4F06-4B02-A201-B1CFB95AD89A}.Release|Any CPU.ActiveCfg = Release|x86
		{043A238D-4F06-4B02-A201-B1CFB95AD89A}.Release|ARM.ActiveCfg = Release|ARM
		{043A238D-4F06-4B02-A201-B1CFB95AD89A}.Release|ARM.Build.0 = Release|ARM
		{043A238D-4F06-4B02-A201-B1CFB95AD89A}.Release|ARM.Deploy.0 = Release|ARM
		{043A238D-4F06-4B02-A201-B1CFB95AD89A}.Release|ARM64.ActiveCfg = Release|ARM64
		{043A238D-4F06-4B02-A201-B1CFB95AD89A}.Release|ARM64.Build.0 = Release|ARM64
		{043A238D-4F06-4B02-A201-B1CFB95AD89A}.Release|ARM64.Deploy.0 = Release|ARM64
		{043A238D-4F06-4B02-A201-B1CFB95AD89A}.Release|x64.ActiveCfg = Release|x64
		{043A238D-4F06-4B02-A201-B1CFB95AD89A}.Release|x64.Build.0 = Release|x64
		{043A238D-4F06-4B02-A201-B1CFB95AD89A}.Release|x64.Deploy.0 = Release|x64
		{043A238D-4F06-4B02-A201-B1CFB95AD89A}.Release|x86.ActiveCfg = Release|x86
		{043A238D-4F06-4B02-A201-B1CFB95AD89A}.Release|x86.Build.0 = Release|x86
		{043A238D-4F06-4B02-A201-B1CFB95AD89A}.Release|x86.Deploy.0 = Release|x86
	EndGlobalSection
	GlobalSection(SolutionProperties) = preSolution
		HideSolutionNode = FALSE
	EndGlobalSection
	GlobalSection(ExtensibilityGlobals) = postSolution
		SolutionGuid = {AFE7936B-30BD-41A8-BC51-86CD63196B00}
	EndGlobalSection
EndGlobal
